
Microsoft Visual Studio Solution File, Format Version 12.00
# Visual Studio 15
VisualStudioVersion = 15.0.28307.572
MinimumVisualStudioVersion = 10.0.40219.1
Project("{FAE04EC0-301F-11D3-BF4B-00C04F79EFBC}") = "DearLoveGUI", "DearLoveGUI\DearLoveGUI.csproj", "{62EA0174-4055-4F6C-A5E2-65CF2B7BA4BA}"
EndProject
Project("{FAE04EC0-301F-11D3-BF4B-00C04F79EFBC}") = "ImGui.Sharp", "ImGui.Sharp\ImGui.Sharp.csproj", "{17EBEF57-ED09-4172-B77D-3F7F2EE9FD8B}"
EndProject
Project("{FAE04EC0-301F-11D3-BF4B-00C04F79EFBC}") = "DearLoveGUI.Example", "DearLoveGUI.Example\DearLoveGUI.Example.csproj", "{6F8AD20E-8376-48B1-94DD-82E5F5301219}"
EndProject
Project("{FAE04EC0-301F-11D3-BF4B-00C04F79EFBC}") = "Love.Imgui", "Love.Imgui\Love.Imgui.csproj", "{D7B122BC-34E2-404B-B851-04530098CA23}"
EndProject
Project("{FAE04EC0-301F-11D3-BF4B-00C04F79EFBC}") = "Love.Imgui.Example", "Love.Imgui.Example\Love.Imgui.Example.csproj", "{810B8649-CFFC-42F3-A706-4EB9C0C8906B}"
EndProject
Global
	GlobalSection(SolutionConfigurationPlatforms) = preSolution
		Debug|Any CPU = Debug|Any CPU
		Release|Any CPU = Release|Any CPU
	EndGlobalSection
	GlobalSection(ProjectConfigurationPlatforms) = postSolution
		{62EA0174-4055-4F6C-A5E2-65CF2B7BA4BA}.Debug|Any CPU.ActiveCfg = Debug|Any CPU
		{62EA0174-4055-4F6C-A5E2-65CF2B7BA4BA}.Debug|Any CPU.Build.0 = Debug|Any CPU
		{62EA0174-4055-4F6C-A5E2-65CF2B7BA4BA}.Release|Any CPU.ActiveCfg = Release|Any CPU
		{62EA0174-4055-4F6C-A5E2-65CF2B7BA4BA}.Release|Any CPU.Build.0 = Release|Any CPU
		{17EBEF57-ED09-4172-B77D-3F7F2EE9FD8B}.Debug|Any CPU.ActiveCfg = Debug|Any CPU
		{17EBEF57-ED09-4172-B77D-3F7F2EE9FD8B}.Debug|Any CPU.Build.0 = Debug|Any CPU
		{17EBEF57-ED09-4172-B77D-3F7F2EE9FD8B}.Release|Any CPU.ActiveCfg = Release|Any CPU
		{17EBEF57-ED09-4172-B77D-3F7F2EE9FD8B}.Release|Any CPU.Build.0 = Release|Any CPU
		{6F8AD20E-8376-48B1-94DD-82E5F5301219}.Debug|Any CPU.ActiveCfg = Debug|Any CPU
		{6F8AD20E-8376-48B1-94DD-82E5F5301219}.Debug|Any CPU.Build.0 = Debug|Any CPU
		{6F8AD20E-8376-48B1-94DD-82E5F5301219}.Release|Any CPU.ActiveCfg = Release|Any CPU
		{6F8AD20E-8376-48B1-94DD-82E5F5301219}.Release|Any CPU.Build.0 = Release|Any CPU
		{D7B122BC-34E2-404B-B851-04530098CA23}.Debug|Any CPU.ActiveCfg = Debug|Any CPU
		{D7B122BC-34E2-404B-B851-04530098CA23}.Debug|Any CPU.Build.0 = Debug|Any CPU
		{D7B122BC-34E2-404B-B851-04530098CA23}.Release|Any CPU.ActiveCfg = Release|Any CPU
		{D7B122BC-34E2-404B-B851-04530098CA23}.Release|Any CPU.Build.0 = Release|Any CPU
		{810B8649-CFFC-42F3-A706-4EB9C0C8906B}.Debug|Any CPU.ActiveCfg = Debug|Any CPU
		{810B8649-CFFC-42F3-A706-4EB9C0C8906B}.Debug|Any CPU.Build.0 = Debug|Any CPU
		{810B8649-CFFC-42F3-A706-4EB9C0C8906B}.Release|Any CPU.ActiveCfg = Release|Any CPU
		{810B8649-CFFC-42F3-A706-4EB9C0C8906B}.Release|Any CPU.Build.0 = Release|Any CPU
	EndGlobalSection
	GlobalSection(SolutionProperties) = preSolution
		HideSolutionNode = FALSE
	EndGlobalSection
	GlobalSection(ExtensibilityGlobals) = postSolution
		SolutionGuid = {B3E897BD-187B-4986-94C9-114440B71467}
	EndGlobalSection
EndGlobal
